
Microsoft Visual Studio Solution File, Format Version 12.00
# Visual Studio Version 17
VisualStudioVersion = 17.0.31903.59
MinimumVisualStudioVersion = 10.0.40219.1
Project("{2150E333-8FDC-42A3-9474-1A3956D46DE8}") = "src", "src", "{0DCD5377-0062-44C8-9754-5C9A4A3533C9}"
EndProject
Project("{2150E333-8FDC-42A3-9474-1A3956D46DE8}") = "Core", "Core", "{6B9928C4-9AF7-4B19-BB9C-36D068B46A42}"
EndProject
Project("{2150E333-8FDC-42A3-9474-1A3956D46DE8}") = "Adapters", "Adapters", "{32D21DE5-C975-4C62-B07A-3A53B39A1E7C}"
EndProject
Project("{FAE04EC0-301F-11D3-BF4B-00C04F79EFBC}") = "Demand.Domain", "Core\Demand.Domain\Demand.Domain.csproj", "{C556012C-C4AE-4191-9923-6B03A8E7BAB8}"
EndProject
Project("{FAE04EC0-301F-11D3-BF4B-00C04F79EFBC}") = "Domain.Core", "Core\Domain.Core\Domain.Core.csproj", "{DD4450DC-CD8B-4CC1-AD8F-FF20FAE01E61}"
EndProject
Project("{FAE04EC0-301F-11D3-BF4B-00C04F79EFBC}") = "Demand.Application", "Core\Demand.Application\Demand.Application.csproj", "{D9747059-4D9B-4426-AB01-0EC3964171BE}"
EndProject
Project("{2150E333-8FDC-42A3-9474-1A3956D46DE8}") = "Driver", "Adapters\Driver", "{D785D31C-D9A9-49C9-A633-202C8D52881F}"
EndProject
Project("{2150E333-8FDC-42A3-9474-1A3956D46DE8}") = "Driven", "Adapters\Driven", "{9EFF5EBB-1F58-446C-9FE1-CCC3DCFB6927}"
EndProject
Project("{FAE04EC0-301F-11D3-BF4B-00C04F79EFBC}") = "FoodTotem.API", "Adapters\Driver\FoodTotem.API\FoodTotem.API.csproj", "{3BAB6909-BA4C-47C4-BA56-41DA95065A2E}"
EndProject
Project("{FAE04EC0-301F-11D3-BF4B-00C04F79EFBC}") = "FoodTotem.Infra", "Adapters\Driven\FoodTotem.Infra\FoodTotem.Infra.csproj", "{0BDDA82B-8827-4CBD-80A4-942383A8A9CF}"
EndProject
Global
	GlobalSection(SolutionConfigurationPlatforms) = preSolution
		Debug|Any CPU = Debug|Any CPU
		Release|Any CPU = Release|Any CPU
	EndGlobalSection
	GlobalSection(ProjectConfigurationPlatforms) = postSolution
		{C556012C-C4AE-4191-9923-6B03A8E7BAB8}.Debug|Any CPU.ActiveCfg = Debug|Any CPU
		{C556012C-C4AE-4191-9923-6B03A8E7BAB8}.Debug|Any CPU.Build.0 = Debug|Any CPU
		{C556012C-C4AE-4191-9923-6B03A8E7BAB8}.Release|Any CPU.ActiveCfg = Release|Any CPU
		{C556012C-C4AE-4191-9923-6B03A8E7BAB8}.Release|Any CPU.Build.0 = Release|Any CPU
		{DD4450DC-CD8B-4CC1-AD8F-FF20FAE01E61}.Debug|Any CPU.ActiveCfg = Debug|Any CPU
		{DD4450DC-CD8B-4CC1-AD8F-FF20FAE01E61}.Debug|Any CPU.Build.0 = Debug|Any CPU
		{DD4450DC-CD8B-4CC1-AD8F-FF20FAE01E61}.Release|Any CPU.ActiveCfg = Release|Any CPU
		{DD4450DC-CD8B-4CC1-AD8F-FF20FAE01E61}.Release|Any CPU.Build.0 = Release|Any CPU
		{D9747059-4D9B-4426-AB01-0EC3964171BE}.Debug|Any CPU.ActiveCfg = Debug|Any CPU
		{D9747059-4D9B-4426-AB01-0EC3964171BE}.Debug|Any CPU.Build.0 = Debug|Any CPU
		{D9747059-4D9B-4426-AB01-0EC3964171BE}.Release|Any CPU.ActiveCfg = Release|Any CPU
		{D9747059-4D9B-4426-AB01-0EC3964171BE}.Release|Any CPU.Build.0 = Release|Any CPU
		{3BAB6909-BA4C-47C4-BA56-41DA95065A2E}.Debug|Any CPU.ActiveCfg = Debug|Any CPU
		{3BAB6909-BA4C-47C4-BA56-41DA95065A2E}.Debug|Any CPU.Build.0 = Debug|Any CPU
		{3BAB6909-BA4C-47C4-BA56-41DA95065A2E}.Release|Any CPU.ActiveCfg = Release|Any CPU
		{3BAB6909-BA4C-47C4-BA56-41DA95065A2E}.Release|Any CPU.Build.0 = Release|Any CPU
		{0BDDA82B-8827-4CBD-80A4-942383A8A9CF}.Debug|Any CPU.ActiveCfg = Debug|Any CPU
		{0BDDA82B-8827-4CBD-80A4-942383A8A9CF}.Debug|Any CPU.Build.0 = Debug|Any CPU
		{0BDDA82B-8827-4CBD-80A4-942383A8A9CF}.Release|Any CPU.ActiveCfg = Release|Any CPU
		{0BDDA82B-8827-4CBD-80A4-942383A8A9CF}.Release|Any CPU.Build.0 = Release|Any CPU
	EndGlobalSection
	GlobalSection(SolutionProperties) = preSolution
		HideSolutionNode = FALSE
	EndGlobalSection
	GlobalSection(NestedProjects) = preSolution
		{6B9928C4-9AF7-4B19-BB9C-36D068B46A42} = {0DCD5377-0062-44C8-9754-5C9A4A3533C9}
		{32D21DE5-C975-4C62-B07A-3A53B39A1E7C} = {0DCD5377-0062-44C8-9754-5C9A4A3533C9}
		{C556012C-C4AE-4191-9923-6B03A8E7BAB8} = {6B9928C4-9AF7-4B19-BB9C-36D068B46A42}
		{DD4450DC-CD8B-4CC1-AD8F-FF20FAE01E61} = {6B9928C4-9AF7-4B19-BB9C-36D068B46A42}
		{D9747059-4D9B-4426-AB01-0EC3964171BE} = {6B9928C4-9AF7-4B19-BB9C-36D068B46A42}
		{D785D31C-D9A9-49C9-A633-202C8D52881F} = {32D21DE5-C975-4C62-B07A-3A53B39A1E7C}
		{9EFF5EBB-1F58-446C-9FE1-CCC3DCFB6927} = {32D21DE5-C975-4C62-B07A-3A53B39A1E7C}
		{3BAB6909-BA4C-47C4-BA56-41DA95065A2E} = {D785D31C-D9A9-49C9-A633-202C8D52881F}
		{0BDDA82B-8827-4CBD-80A4-942383A8A9CF} = {9EFF5EBB-1F58-446C-9FE1-CCC3DCFB6927}
	EndGlobalSection
	GlobalSection(ExtensibilityGlobals) = postSolution
		SolutionGuid = {2283AF09-2D99-48E1-8D5F-15FBFB17A6CD}
	EndGlobalSection
EndGlobal
