
Microsoft Visual Studio Solution File, Format Version 12.00
# Visual Studio Version 17
VisualStudioVersion = 17.0.31903.59
MinimumVisualStudioVersion = 10.0.40219.1
Project("{2150E333-8FDC-42A3-9474-1A3956D46DE8}") = "src", "src", "{0DCD5377-0062-44C8-9754-5C9A4A3533C9}"
	ProjectSection(SolutionItems) = preProject
		docker-compose.yaml = docker-compose.yaml
	EndProjectSection
EndProject
Project("{2150E333-8FDC-42A3-9474-1A3956D46DE8}") = "Core", "Core", "{6B9928C4-9AF7-4B19-BB9C-36D068B46A42}"
EndProject
Project("{2150E333-8FDC-42A3-9474-1A3956D46DE8}") = "Adapters", "Adapters", "{32D21DE5-C975-4C62-B07A-3A53B39A1E7C}"
EndProject
Project("{FAE04EC0-301F-11D3-BF4B-00C04F79EFBC}") = "FoodTotem.Domain.Core", "Core\FoodTotem.Domain.Core\FoodTotem.Domain.Core.csproj", "{DD4450DC-CD8B-4CC1-AD8F-FF20FAE01E61}"
EndProject
Project("{2150E333-8FDC-42A3-9474-1A3956D46DE8}") = "Driver", "Driver", "{D785D31C-D9A9-49C9-A633-202C8D52881F}"
EndProject
Project("{2150E333-8FDC-42A3-9474-1A3956D46DE8}") = "Driven", "Driven", "{9EFF5EBB-1F58-446C-9FE1-CCC3DCFB6927}"
EndProject
Project("{FAE04EC0-301F-11D3-BF4B-00C04F79EFBC}") = "FoodTotem.API", "Adapters\Driver\FoodTotem.API\FoodTotem.API.csproj", "{3BAB6909-BA4C-47C4-BA56-41DA95065A2E}"
EndProject
Project("{FAE04EC0-301F-11D3-BF4B-00C04F79EFBC}") = "FoodTotem.Gateways.MySQL", "Adapters\Driven\FoodTotem.Gateways.MySQL\FoodTotem.Gateways.MySQL.csproj", "{0BDDA82B-8827-4CBD-80A4-942383A8A9CF}"
EndProject
Project("{FAE04EC0-301F-11D3-BF4B-00C04F79EFBC}") = "FoodTotem.Data.Core", "Core\FoodTotem.Data.Core\FoodTotem.Data.Core.csproj", "{5F198C1F-7158-4D61-A4A1-1A49934929AE}"
EndProject
Project("{FAE04EC0-301F-11D3-BF4B-00C04F79EFBC}") = "FoodTotem.Identity.Domain", "Core\FoodTotem.Identity.Domain\FoodTotem.Identity.Domain.csproj", "{27FF71AA-F499-4FE8-A71D-55497C8B686F}"
EndProject
Project("{FAE04EC0-301F-11D3-BF4B-00C04F79EFBC}") = "FoodTotem.Identity.UseCase", "Core\FoodTotem.Identity.UseCase\FoodTotem.Identity.UseCase.csproj", "{6614EC87-93EA-4D90-8D85-396401F30B5D}"
EndProject
Project("{2150E333-8FDC-42A3-9474-1A3956D46DE8}") = "Identity", "Identity", "{EC4A93BC-89E0-4394-A718-474C04BEB27F}"
EndProject
Project("{FAE04EC0-301F-11D3-BF4B-00C04F79EFBC}") = "FoodTotem.Gateways.Http", "Adapters\Driven\FoodTotem.Gateways.Http\FoodTotem.Gateways.Http.csproj", "{E9783F5D-1B06-40C6-92FE-652AA283B4B1}"
EndProject
Project("{2150E333-8FDC-42A3-9474-1A3956D46DE8}") = "Adapters", "Adapters", "{C0CA499D-73F8-4D87-B446-64A1354B2FEC}"
EndProject
Project("{2150E333-8FDC-42A3-9474-1A3956D46DE8}") = "Driven", "Driven", "{7F022BBB-7970-4482-809F-5C5CB9C71D15}"
EndProject
Project("{FAE04EC0-301F-11D3-BF4B-00C04F79EFBC}") = "FoodTotem.Gateways.Catalog", "Adapters\Driven\FoodTotem.Gateways.Catalog\FoodTotem.Gateways.Catalog.csproj", "{020F9188-674E-481E-80AF-B9ADCEABF673}"
EndProject
Project("{FAE04EC0-301F-11D3-BF4B-00C04F79EFBC}") = "FoodTotem.Gateways.Demand", "Adapters\Driven\FoodTotem.Gateways.Demand\FoodTotem.Gateways.Demand.csproj", "{14ECA514-0447-4450-9788-9BCA9C6B2909}"
EndProject
Project("{FAE04EC0-301F-11D3-BF4B-00C04F79EFBC}") = "FoodTotem.Gateways.Payment", "Adapters\Driven\FoodTotem.Gateways.Payment\FoodTotem.Gateways.Payment.csproj", "{F95CFEA3-85D3-4B03-B2FC-A87E989821D4}"
EndProject
Project("{FAE04EC0-301F-11D3-BF4B-00C04F79EFBC}") = "FoodTotem.Gateways.RabbitMQ", "Adapters\Driven\FoodTotem.Gateways.RabbitMQ\FoodTotem.Gateways.RabbitMQ.csproj", "{1E0D8020-FDF2-4607-BE37-991F0D553B88}"
EndProject
Project("{FAE04EC0-301F-11D3-BF4B-00C04F79EFBC}") = "FoodTotem.Gateways.Email", "Adapters\Driven\FoodTotem.Gateways.Email\FoodTotem.Gateways.Email.csproj", "{BC1F1F6A-39DF-4EE2-BEA3-8258A1CCC4F0}"
EndProject
Global
	GlobalSection(SolutionConfigurationPlatforms) = preSolution
		Debug|Any CPU = Debug|Any CPU
		Release|Any CPU = Release|Any CPU
	EndGlobalSection
	GlobalSection(ProjectConfigurationPlatforms) = postSolution
		{DD4450DC-CD8B-4CC1-AD8F-FF20FAE01E61}.Debug|Any CPU.ActiveCfg = Debug|Any CPU
		{DD4450DC-CD8B-4CC1-AD8F-FF20FAE01E61}.Debug|Any CPU.Build.0 = Debug|Any CPU
		{DD4450DC-CD8B-4CC1-AD8F-FF20FAE01E61}.Release|Any CPU.ActiveCfg = Release|Any CPU
		{DD4450DC-CD8B-4CC1-AD8F-FF20FAE01E61}.Release|Any CPU.Build.0 = Release|Any CPU
		{3BAB6909-BA4C-47C4-BA56-41DA95065A2E}.Debug|Any CPU.ActiveCfg = Debug|Any CPU
		{3BAB6909-BA4C-47C4-BA56-41DA95065A2E}.Debug|Any CPU.Build.0 = Debug|Any CPU
		{3BAB6909-BA4C-47C4-BA56-41DA95065A2E}.Release|Any CPU.ActiveCfg = Release|Any CPU
		{3BAB6909-BA4C-47C4-BA56-41DA95065A2E}.Release|Any CPU.Build.0 = Release|Any CPU
		{0BDDA82B-8827-4CBD-80A4-942383A8A9CF}.Debug|Any CPU.ActiveCfg = Debug|Any CPU
		{0BDDA82B-8827-4CBD-80A4-942383A8A9CF}.Debug|Any CPU.Build.0 = Debug|Any CPU
		{0BDDA82B-8827-4CBD-80A4-942383A8A9CF}.Release|Any CPU.ActiveCfg = Release|Any CPU
		{0BDDA82B-8827-4CBD-80A4-942383A8A9CF}.Release|Any CPU.Build.0 = Release|Any CPU
		{5F198C1F-7158-4D61-A4A1-1A49934929AE}.Debug|Any CPU.ActiveCfg = Debug|Any CPU
		{5F198C1F-7158-4D61-A4A1-1A49934929AE}.Debug|Any CPU.Build.0 = Debug|Any CPU
		{5F198C1F-7158-4D61-A4A1-1A49934929AE}.Release|Any CPU.ActiveCfg = Release|Any CPU
		{5F198C1F-7158-4D61-A4A1-1A49934929AE}.Release|Any CPU.Build.0 = Release|Any CPU
		{27FF71AA-F499-4FE8-A71D-55497C8B686F}.Debug|Any CPU.ActiveCfg = Debug|Any CPU
		{27FF71AA-F499-4FE8-A71D-55497C8B686F}.Debug|Any CPU.Build.0 = Debug|Any CPU
		{27FF71AA-F499-4FE8-A71D-55497C8B686F}.Release|Any CPU.ActiveCfg = Release|Any CPU
		{27FF71AA-F499-4FE8-A71D-55497C8B686F}.Release|Any CPU.Build.0 = Release|Any CPU
		{6614EC87-93EA-4D90-8D85-396401F30B5D}.Debug|Any CPU.ActiveCfg = Debug|Any CPU
		{6614EC87-93EA-4D90-8D85-396401F30B5D}.Debug|Any CPU.Build.0 = Debug|Any CPU
		{6614EC87-93EA-4D90-8D85-396401F30B5D}.Release|Any CPU.ActiveCfg = Release|Any CPU
		{6614EC87-93EA-4D90-8D85-396401F30B5D}.Release|Any CPU.Build.0 = Release|Any CPU
		{E9783F5D-1B06-40C6-92FE-652AA283B4B1}.Debug|Any CPU.ActiveCfg = Debug|Any CPU
		{E9783F5D-1B06-40C6-92FE-652AA283B4B1}.Debug|Any CPU.Build.0 = Debug|Any CPU
		{E9783F5D-1B06-40C6-92FE-652AA283B4B1}.Release|Any CPU.ActiveCfg = Release|Any CPU
		{E9783F5D-1B06-40C6-92FE-652AA283B4B1}.Release|Any CPU.Build.0 = Release|Any CPU
		{020F9188-674E-481E-80AF-B9ADCEABF673}.Debug|Any CPU.ActiveCfg = Debug|Any CPU
		{020F9188-674E-481E-80AF-B9ADCEABF673}.Debug|Any CPU.Build.0 = Debug|Any CPU
		{020F9188-674E-481E-80AF-B9ADCEABF673}.Release|Any CPU.ActiveCfg = Release|Any CPU
		{020F9188-674E-481E-80AF-B9ADCEABF673}.Release|Any CPU.Build.0 = Release|Any CPU
		{14ECA514-0447-4450-9788-9BCA9C6B2909}.Debug|Any CPU.ActiveCfg = Debug|Any CPU
		{14ECA514-0447-4450-9788-9BCA9C6B2909}.Debug|Any CPU.Build.0 = Debug|Any CPU
		{14ECA514-0447-4450-9788-9BCA9C6B2909}.Release|Any CPU.ActiveCfg = Release|Any CPU
		{14ECA514-0447-4450-9788-9BCA9C6B2909}.Release|Any CPU.Build.0 = Release|Any CPU
		{F95CFEA3-85D3-4B03-B2FC-A87E989821D4}.Debug|Any CPU.ActiveCfg = Debug|Any CPU
		{F95CFEA3-85D3-4B03-B2FC-A87E989821D4}.Debug|Any CPU.Build.0 = Debug|Any CPU
		{F95CFEA3-85D3-4B03-B2FC-A87E989821D4}.Release|Any CPU.ActiveCfg = Release|Any CPU
		{F95CFEA3-85D3-4B03-B2FC-A87E989821D4}.Release|Any CPU.Build.0 = Release|Any CPU
		{1E0D8020-FDF2-4607-BE37-991F0D553B88}.Debug|Any CPU.ActiveCfg = Debug|Any CPU
		{1E0D8020-FDF2-4607-BE37-991F0D553B88}.Debug|Any CPU.Build.0 = Debug|Any CPU
		{1E0D8020-FDF2-4607-BE37-991F0D553B88}.Release|Any CPU.ActiveCfg = Release|Any CPU
		{1E0D8020-FDF2-4607-BE37-991F0D553B88}.Release|Any CPU.Build.0 = Release|Any CPU
		{BC1F1F6A-39DF-4EE2-BEA3-8258A1CCC4F0}.Debug|Any CPU.ActiveCfg = Debug|Any CPU
		{BC1F1F6A-39DF-4EE2-BEA3-8258A1CCC4F0}.Debug|Any CPU.Build.0 = Debug|Any CPU
		{BC1F1F6A-39DF-4EE2-BEA3-8258A1CCC4F0}.Release|Any CPU.ActiveCfg = Release|Any CPU
		{BC1F1F6A-39DF-4EE2-BEA3-8258A1CCC4F0}.Release|Any CPU.Build.0 = Release|Any CPU
	EndGlobalSection
	GlobalSection(SolutionProperties) = preSolution
		HideSolutionNode = FALSE
	EndGlobalSection
	GlobalSection(NestedProjects) = preSolution
		{6B9928C4-9AF7-4B19-BB9C-36D068B46A42} = {0DCD5377-0062-44C8-9754-5C9A4A3533C9}
		{32D21DE5-C975-4C62-B07A-3A53B39A1E7C} = {0DCD5377-0062-44C8-9754-5C9A4A3533C9}
		{DD4450DC-CD8B-4CC1-AD8F-FF20FAE01E61} = {6B9928C4-9AF7-4B19-BB9C-36D068B46A42}
		{D785D31C-D9A9-49C9-A633-202C8D52881F} = {32D21DE5-C975-4C62-B07A-3A53B39A1E7C}
		{9EFF5EBB-1F58-446C-9FE1-CCC3DCFB6927} = {32D21DE5-C975-4C62-B07A-3A53B39A1E7C}
		{3BAB6909-BA4C-47C4-BA56-41DA95065A2E} = {D785D31C-D9A9-49C9-A633-202C8D52881F}
		{0BDDA82B-8827-4CBD-80A4-942383A8A9CF} = {9EFF5EBB-1F58-446C-9FE1-CCC3DCFB6927}
		{5F198C1F-7158-4D61-A4A1-1A49934929AE} = {6B9928C4-9AF7-4B19-BB9C-36D068B46A42}
		{27FF71AA-F499-4FE8-A71D-55497C8B686F} = {EC4A93BC-89E0-4394-A718-474C04BEB27F}
		{6614EC87-93EA-4D90-8D85-396401F30B5D} = {EC4A93BC-89E0-4394-A718-474C04BEB27F}
		{EC4A93BC-89E0-4394-A718-474C04BEB27F} = {6B9928C4-9AF7-4B19-BB9C-36D068B46A42}
		{E9783F5D-1B06-40C6-92FE-652AA283B4B1} = {9EFF5EBB-1F58-446C-9FE1-CCC3DCFB6927}
		{7F022BBB-7970-4482-809F-5C5CB9C71D15} = {C0CA499D-73F8-4D87-B446-64A1354B2FEC}
		{020F9188-674E-481E-80AF-B9ADCEABF673} = {7F022BBB-7970-4482-809F-5C5CB9C71D15}
		{14ECA514-0447-4450-9788-9BCA9C6B2909} = {7F022BBB-7970-4482-809F-5C5CB9C71D15}
		{F95CFEA3-85D3-4B03-B2FC-A87E989821D4} = {7F022BBB-7970-4482-809F-5C5CB9C71D15}
		{1E0D8020-FDF2-4607-BE37-991F0D553B88} = {7F022BBB-7970-4482-809F-5C5CB9C71D15}
		{BC1F1F6A-39DF-4EE2-BEA3-8258A1CCC4F0} = {7F022BBB-7970-4482-809F-5C5CB9C71D15}
	EndGlobalSection
	GlobalSection(ExtensibilityGlobals) = postSolution
		SolutionGuid = {2283AF09-2D99-48E1-8D5F-15FBFB17A6CD}
	EndGlobalSection
EndGlobal
